
Microsoft Visual Studio Solution File, Format Version 12.00
# Visual Studio 15
VisualStudioVersion = 15.0.28307.489
MinimumVisualStudioVersion = 10.0.40219.1
Project("{FAE04EC0-301F-11D3-BF4B-00C04F79EFBC}") = "CrewApps", "CrewApps\CrewApps.csproj", "{C18C754A-EC8D-4D7E-81A4-AF3B5259589D}"
EndProject
Global
	GlobalSection(SolutionConfigurationPlatforms) = preSolution
		Debug|Any CPU = Debug|Any CPU
		Release|Any CPU = Release|Any CPU
	EndGlobalSection
	GlobalSection(ProjectConfigurationPlatforms) = postSolution
		{C18C754A-EC8D-4D7E-81A4-AF3B5259589D}.Debug|Any CPU.ActiveCfg = Debug|Any CPU
		{C18C754A-EC8D-4D7E-81A4-AF3B5259589D}.Debug|Any CPU.Build.0 = Debug|Any CPU
		{C18C754A-EC8D-4D7E-81A4-AF3B5259589D}.Release|Any CPU.ActiveCfg = Release|Any CPU
		{C18C754A-EC8D-4D7E-81A4-AF3B5259589D}.Release|Any CPU.Build.0 = Release|Any CPU
	EndGlobalSection
	GlobalSection(SolutionProperties) = preSolution
		HideSolutionNode = FALSE
	EndGlobalSection
	GlobalSection(ExtensibilityGlobals) = postSolution
		SolutionGuid = {AC891699-CD61-45FD-921F-AD7C6EAD3F1E}
	EndGlobalSection
EndGlobal
