
Microsoft Visual Studio Solution File, Format Version 12.00
# Visual Studio 15
VisualStudioVersion = 15.0.28307.438
MinimumVisualStudioVersion = 10.0.40219.1
Project("{FAE04EC0-301F-11D3-BF4B-00C04F79EFBC}") = "ImageViewer", "ImageViewer\ImageViewer.csproj", "{00B1EE16-1784-4F08-80D3-A281D07E40BE}"
EndProject
Global
	GlobalSection(SolutionConfigurationPlatforms) = preSolution
		Debug|Any CPU = Debug|Any CPU
		Release|Any CPU = Release|Any CPU
	EndGlobalSection
	GlobalSection(ProjectConfigurationPlatforms) = postSolution
		{00B1EE16-1784-4F08-80D3-A281D07E40BE}.Debug|Any CPU.ActiveCfg = Debug|Any CPU
		{00B1EE16-1784-4F08-80D3-A281D07E40BE}.Debug|Any CPU.Build.0 = Debug|Any CPU
		{00B1EE16-1784-4F08-80D3-A281D07E40BE}.Release|Any CPU.ActiveCfg = Release|Any CPU
		{00B1EE16-1784-4F08-80D3-A281D07E40BE}.Release|Any CPU.Build.0 = Release|Any CPU
	EndGlobalSection
	GlobalSection(SolutionProperties) = preSolution
		HideSolutionNode = FALSE
	EndGlobalSection
	GlobalSection(ExtensibilityGlobals) = postSolution
		SolutionGuid = {795D022B-E042-42DB-A686-0100246B20E6}
	EndGlobalSection
EndGlobal
