
Microsoft Visual Studio Solution File, Format Version 12.00
# Visual Studio 15
VisualStudioVersion = 15.0.28307.489
MinimumVisualStudioVersion = 10.0.40219.1
Project("{FAE04EC0-301F-11D3-BF4B-00C04F79EFBC}") = "Crewappss", "Crewappss\Crewappss.csproj", "{C3F2EF31-DA67-4638-B276-F18669BDB402}"
EndProject
Global
	GlobalSection(SolutionConfigurationPlatforms) = preSolution
		Debug|Any CPU = Debug|Any CPU
		Release|Any CPU = Release|Any CPU
	EndGlobalSection
	GlobalSection(ProjectConfigurationPlatforms) = postSolution
		{C3F2EF31-DA67-4638-B276-F18669BDB402}.Debug|Any CPU.ActiveCfg = Debug|Any CPU
		{C3F2EF31-DA67-4638-B276-F18669BDB402}.Debug|Any CPU.Build.0 = Debug|Any CPU
		{C3F2EF31-DA67-4638-B276-F18669BDB402}.Release|Any CPU.ActiveCfg = Release|Any CPU
		{C3F2EF31-DA67-4638-B276-F18669BDB402}.Release|Any CPU.Build.0 = Release|Any CPU
	EndGlobalSection
	GlobalSection(SolutionProperties) = preSolution
		HideSolutionNode = FALSE
	EndGlobalSection
	GlobalSection(ExtensibilityGlobals) = postSolution
		SolutionGuid = {19FC174C-717F-4EE5-A9E7-E4DFD54AE3C0}
	EndGlobalSection
EndGlobal
