
Microsoft Visual Studio Solution File, Format Version 12.00
# Visual Studio 15
VisualStudioVersion = 15.0.28307.438
MinimumVisualStudioVersion = 10.0.40219.1
Project("{FAE04EC0-301F-11D3-BF4B-00C04F79EFBC}") = "Service Due Maneger", "Service Due Maneger\Service Due Maneger.csproj", "{84FD6A72-7213-427F-A309-471B53759ABB}"
EndProject
Global
	GlobalSection(SolutionConfigurationPlatforms) = preSolution
		Debug|Any CPU = Debug|Any CPU
		Release|Any CPU = Release|Any CPU
	EndGlobalSection
	GlobalSection(ProjectConfigurationPlatforms) = postSolution
		{84FD6A72-7213-427F-A309-471B53759ABB}.Debug|Any CPU.ActiveCfg = Debug|Any CPU
		{84FD6A72-7213-427F-A309-471B53759ABB}.Debug|Any CPU.Build.0 = Debug|Any CPU
		{84FD6A72-7213-427F-A309-471B53759ABB}.Release|Any CPU.ActiveCfg = Release|Any CPU
		{84FD6A72-7213-427F-A309-471B53759ABB}.Release|Any CPU.Build.0 = Release|Any CPU
	EndGlobalSection
	GlobalSection(SolutionProperties) = preSolution
		HideSolutionNode = FALSE
	EndGlobalSection
	GlobalSection(ExtensibilityGlobals) = postSolution
		SolutionGuid = {A3401E54-8EA1-4D84-B9DE-E9E2D864A1B1}
	EndGlobalSection
EndGlobal
