
Microsoft Visual Studio Solution File, Format Version 12.00
# Visual Studio 15
VisualStudioVersion = 15.0.28307.421
MinimumVisualStudioVersion = 10.0.40219.1
Project("{FAE04EC0-301F-11D3-BF4B-00C04F79EFBC}") = "WindowsFormsApp3", "WindowsFormsApp3\WindowsFormsApp3.csproj", "{A2C9D762-CEC0-4CF0-9BE6-D0FC7582BC8E}"
EndProject
Project("{54435603-DBB4-11D2-8724-00A0C9A8B90C}") = "NonBajetItem", "NonBajetItem\NonBajetItem.vdproj", "{78F7BE0C-D0D4-49BD-BCCF-E2B6B9E817FE}"
EndProject
Project("{54435603-DBB4-11D2-8724-00A0C9A8B90C}") = "Setup1", "Setup1\Setup1.vdproj", "{1E8CB790-7331-466D-B3E8-1E43832FDBCC}"
EndProject
Global
	GlobalSection(SolutionConfigurationPlatforms) = preSolution
		Debug|Any CPU = Debug|Any CPU
		Release|Any CPU = Release|Any CPU
	EndGlobalSection
	GlobalSection(ProjectConfigurationPlatforms) = postSolution
		{A2C9D762-CEC0-4CF0-9BE6-D0FC7582BC8E}.Debug|Any CPU.ActiveCfg = Debug|Any CPU
		{A2C9D762-CEC0-4CF0-9BE6-D0FC7582BC8E}.Debug|Any CPU.Build.0 = Debug|Any CPU
		{A2C9D762-CEC0-4CF0-9BE6-D0FC7582BC8E}.Release|Any CPU.ActiveCfg = Release|Any CPU
		{A2C9D762-CEC0-4CF0-9BE6-D0FC7582BC8E}.Release|Any CPU.Build.0 = Release|Any CPU
		{78F7BE0C-D0D4-49BD-BCCF-E2B6B9E817FE}.Debug|Any CPU.ActiveCfg = Debug
		{78F7BE0C-D0D4-49BD-BCCF-E2B6B9E817FE}.Release|Any CPU.ActiveCfg = Release
		{1E8CB790-7331-466D-B3E8-1E43832FDBCC}.Debug|Any CPU.ActiveCfg = Debug
		{1E8CB790-7331-466D-B3E8-1E43832FDBCC}.Release|Any CPU.ActiveCfg = Release
	EndGlobalSection
	GlobalSection(SolutionProperties) = preSolution
		HideSolutionNode = FALSE
	EndGlobalSection
	GlobalSection(ExtensibilityGlobals) = postSolution
		SolutionGuid = {4BDA7842-22FF-4A36-85D3-1EA45D0F490E}
	EndGlobalSection
EndGlobal
