
Microsoft Visual Studio Solution File, Format Version 12.00
# Visual Studio 15
VisualStudioVersion = 15.0.28307.438
MinimumVisualStudioVersion = 10.0.40219.1
Project("{FAE04EC0-301F-11D3-BF4B-00C04F79EFBC}") = "DragAnddrop", "DragAnddrop\DragAnddrop.csproj", "{77E2CCE6-13FA-476B-A967-AC027744F245}"
EndProject
Global
	GlobalSection(SolutionConfigurationPlatforms) = preSolution
		Debug|Any CPU = Debug|Any CPU
		Release|Any CPU = Release|Any CPU
	EndGlobalSection
	GlobalSection(ProjectConfigurationPlatforms) = postSolution
		{77E2CCE6-13FA-476B-A967-AC027744F245}.Debug|Any CPU.ActiveCfg = Debug|Any CPU
		{77E2CCE6-13FA-476B-A967-AC027744F245}.Debug|Any CPU.Build.0 = Debug|Any CPU
		{77E2CCE6-13FA-476B-A967-AC027744F245}.Release|Any CPU.ActiveCfg = Release|Any CPU
		{77E2CCE6-13FA-476B-A967-AC027744F245}.Release|Any CPU.Build.0 = Release|Any CPU
	EndGlobalSection
	GlobalSection(SolutionProperties) = preSolution
		HideSolutionNode = FALSE
	EndGlobalSection
	GlobalSection(ExtensibilityGlobals) = postSolution
		SolutionGuid = {45D11772-98FD-4C66-8304-E6104781333F}
	EndGlobalSection
EndGlobal
