
Microsoft Visual Studio Solution File, Format Version 12.00
# Visual Studio 15
VisualStudioVersion = 15.0.28307.438
MinimumVisualStudioVersion = 10.0.40219.1
Project("{FAE04EC0-301F-11D3-BF4B-00C04F79EFBC}") = "LoCapacity", "LoCapacity\LoCapacity.csproj", "{387C78CC-54F6-41A8-9957-DBBE904458EF}"
EndProject
Global
	GlobalSection(SolutionConfigurationPlatforms) = preSolution
		Debug|Any CPU = Debug|Any CPU
		Release|Any CPU = Release|Any CPU
	EndGlobalSection
	GlobalSection(ProjectConfigurationPlatforms) = postSolution
		{387C78CC-54F6-41A8-9957-DBBE904458EF}.Debug|Any CPU.ActiveCfg = Debug|Any CPU
		{387C78CC-54F6-41A8-9957-DBBE904458EF}.Debug|Any CPU.Build.0 = Debug|Any CPU
		{387C78CC-54F6-41A8-9957-DBBE904458EF}.Release|Any CPU.ActiveCfg = Release|Any CPU
		{387C78CC-54F6-41A8-9957-DBBE904458EF}.Release|Any CPU.Build.0 = Release|Any CPU
	EndGlobalSection
	GlobalSection(SolutionProperties) = preSolution
		HideSolutionNode = FALSE
	EndGlobalSection
	GlobalSection(ExtensibilityGlobals) = postSolution
		SolutionGuid = {49C784A4-B3CF-4A83-8D24-B36E4B1ED747}
	EndGlobalSection
EndGlobal
