
Microsoft Visual Studio Solution File, Format Version 12.00
# Visual Studio 15
VisualStudioVersion = 15.0.28307.489
MinimumVisualStudioVersion = 10.0.40219.1
Project("{FAE04EC0-301F-11D3-BF4B-00C04F79EFBC}") = "testuser", "testuser\testuser.csproj", "{886D460C-C811-49E6-9270-B108CB1E30BE}"
EndProject
Global
	GlobalSection(SolutionConfigurationPlatforms) = preSolution
		Debug|Any CPU = Debug|Any CPU
		Release|Any CPU = Release|Any CPU
	EndGlobalSection
	GlobalSection(ProjectConfigurationPlatforms) = postSolution
		{886D460C-C811-49E6-9270-B108CB1E30BE}.Debug|Any CPU.ActiveCfg = Debug|Any CPU
		{886D460C-C811-49E6-9270-B108CB1E30BE}.Debug|Any CPU.Build.0 = Debug|Any CPU
		{886D460C-C811-49E6-9270-B108CB1E30BE}.Release|Any CPU.ActiveCfg = Release|Any CPU
		{886D460C-C811-49E6-9270-B108CB1E30BE}.Release|Any CPU.Build.0 = Release|Any CPU
	EndGlobalSection
	GlobalSection(SolutionProperties) = preSolution
		HideSolutionNode = FALSE
	EndGlobalSection
	GlobalSection(ExtensibilityGlobals) = postSolution
		SolutionGuid = {66534A4D-9B53-44F5-8534-E64E5F4340E4}
	EndGlobalSection
EndGlobal
