
Microsoft Visual Studio Solution File, Format Version 12.00
# Visual Studio 15
VisualStudioVersion = 15.0.28307.421
MinimumVisualStudioVersion = 10.0.40219.1
Project("{FAE04EC0-301F-11D3-BF4B-00C04F79EFBC}") = "WindowsFormsApp5", "WindowsFormsApp5\WindowsFormsApp5.csproj", "{8E1F6D97-10F5-4476-A560-74A9A07F5DCF}"
EndProject
Project("{2150E333-8FDC-42A3-9474-1A3956D46DE8}") = "Solution Items", "Solution Items", "{C2A2771A-8CB8-46A9-ACDE-C9DD80E9E09F}"
	ProjectSection(SolutionItems) = preProject
		Class1.cs = Class1.cs
	EndProjectSection
EndProject
Project("{FAE04EC0-301F-11D3-BF4B-00C04F79EFBC}") = "WindowsFormsApp1", "WindowsFormsApp1\WindowsFormsApp1.csproj", "{BEBED3FC-A333-4DD1-8368-607091549372}"
EndProject
Global
	GlobalSection(SolutionConfigurationPlatforms) = preSolution
		Debug|Any CPU = Debug|Any CPU
		Release|Any CPU = Release|Any CPU
	EndGlobalSection
	GlobalSection(ProjectConfigurationPlatforms) = postSolution
		{8E1F6D97-10F5-4476-A560-74A9A07F5DCF}.Debug|Any CPU.ActiveCfg = Debug|Any CPU
		{8E1F6D97-10F5-4476-A560-74A9A07F5DCF}.Debug|Any CPU.Build.0 = Debug|Any CPU
		{8E1F6D97-10F5-4476-A560-74A9A07F5DCF}.Release|Any CPU.ActiveCfg = Release|Any CPU
		{8E1F6D97-10F5-4476-A560-74A9A07F5DCF}.Release|Any CPU.Build.0 = Release|Any CPU
		{BEBED3FC-A333-4DD1-8368-607091549372}.Debug|Any CPU.ActiveCfg = Debug|Any CPU
		{BEBED3FC-A333-4DD1-8368-607091549372}.Debug|Any CPU.Build.0 = Debug|Any CPU
		{BEBED3FC-A333-4DD1-8368-607091549372}.Release|Any CPU.ActiveCfg = Release|Any CPU
		{BEBED3FC-A333-4DD1-8368-607091549372}.Release|Any CPU.Build.0 = Release|Any CPU
	EndGlobalSection
	GlobalSection(SolutionProperties) = preSolution
		HideSolutionNode = FALSE
	EndGlobalSection
	GlobalSection(ExtensibilityGlobals) = postSolution
		SolutionGuid = {172CFEAC-B5DD-45FE-859C-E5A921A8A4DE}
	EndGlobalSection
EndGlobal
